// !$*UTF8*$!
{
	archiveVersion = 1;
	classes = {
	};
	objectVersion = 56;
	objects = {

/* Begin PBXBuildFile section */
		B71B12373024875000C93869 /* JapaneseAnalysisApp.swift in Sources */ = {isa = PBXBuildFile; fileRef = B71B12363024875000C93869 /* JapaneseAnalysisApp.swift */; };
		B71B12393024875000C93869 /* ContentView.swift in Sources */ = {isa = PBXBuildFile; fileRef = B71B12383024875000C93869 /* ContentView.swift */; };
		B71B123B3024875300C93869 /* Assets.xcassets in Resources */ = {isa = PBXBuildFile; fileRef = B71B123A3024875300C93869 /* Assets.xcassets */; };
		B71B123F3024875300C93869 /* Preview Assets.xcassets in Resources */ = {isa = PBXBuildFile; fileRef = B71B123E3024875300C93869 /* Preview Assets.xcassets */; };
		B71B12493024875400C93869 /* JapaneseAnalysisTests.swift in Sources */ = {isa = PBXBuildFile; fileRef = B71B12483024875400C93869 /* JapaneseAnalysisTests.swift */; };
		B71B12533024875400C93869 /* JapaneseAnalysisUITests.swift in Sources */ = {isa = PBXBuildFile; fileRef = B71B12523024875400C93869 /* JapaneseAnalysisUITests.swift */; };
		B71B12553024875400C93869 /* JapaneseAnalysisUITestsLaunchTests.swift in Sources */ = {isa = PBXBuildFile; fileRef = B71B12543024875400C93869 /* JapaneseAnalysisUITestsLaunchTests.swift */; };
/* End PBXBuildFile section */

/* Begin PBXContainerItemProxy section */
		B71B12453024875400C93869 /* PBXContainerItemProxy */ = {
			isa = PBXContainerItemProxy;
			containerPortal = B71B122B3024875000C93869 /* Project object */;
			proxyType = 1;
			remoteGlobalIDString = B71B12323024875000C93869;
			remoteInfo = JapaneseAnalysis;
		};
		B71B124F3024875400C93869 /* PBXContainerItemProxy */ = {
			isa = PBXContainerItemProxy;
			containerPortal = B71B122B3024875000C93869 /* Project object */;
			proxyType = 1;
			remoteGlobalIDString = B71B12323024875000C93869;
			remoteInfo = JapaneseAnalysis;
		};
/* End PBXContainerItemProxy section */

/* Begin PBXFileReference section */
		B71B12333024875000C93869 /* JapaneseAnalysis.app */ = {isa = PBXFileReference; explicitFileType = wrapper.application; includeInIndex = 0; path = JapaneseAnalysis.app; sourceTree = BUILT_PRODUCTS_DIR; };
		B71B12363024875000C93869 /* JapaneseAnalysisApp.swift */ = {isa = PBXFileReference; lastKnownFileType = sourcecode.swift; path = JapaneseAnalysisApp.swift; sourceTree = "<group>"; };
		B71B12383024875000C93869 /* ContentView.swift */ = {isa = PBXFileReference; lastKnownFileType = sourcecode.swift; path = ContentView.swift; sourceTree = "<group>"; };
		B71B123A3024875300C93869 /* Assets.xcassets */ = {isa = PBXFileReference; lastKnownFileType = folder.assetcatalog; path = Assets.xcassets; sourceTree = "<group>"; };
		B71B123C3024875300C93869 /* JapaneseAnalysis.entitlements */ = {isa = PBXFileReference; lastKnownFileType = text.plist.entitlements; path = JapaneseAnalysis.entitlements; sourceTree = "<group>"; };
		B71B123E3024875300C93869 /* Preview Assets.xcassets */ = {isa = PBXFileReference; lastKnownFileType = folder.assetcatalog; path = "Preview Assets.xcassets"; sourceTree = "<group>"; };
		B71B12443024875400C93869 /* JapaneseAnalysisTests.xctest */ = {isa = PBXFileReference; explicitFileType = wrapper.cfbundle; includeInIndex = 0; path = JapaneseAnalysisTests.xctest; sourceTree = BUILT_PRODUCTS_DIR; };
		B71B12483024875400C93869 /* JapaneseAnalysisTests.swift */ = {isa = PBXFileReference; lastKnownFileType = sourcecode.swift; path = JapaneseAnalysisTests.swift; sourceTree = "<group>"; };
		B71B124E3024875400C93869 /* JapaneseAnalysisUITests.xctest */ = {isa = PBXFileReference; explicitFileType = wrapper.cfbundle; includeInIndex = 0; path = JapaneseAnalysisUITests.xctest; sourceTree = BUILT_PRODUCTS_DIR; };
		B71B12523024875400C93869 /* JapaneseAnalysisUITests.swift */ = {isa = PBXFileReference; lastKnownFileType = sourcecode.swift; path = JapaneseAnalysisUITests.swift; sourceTree = "<group>"; };
		B71B12543024875400C93869 /* JapaneseAnalysisUITestsLaunchTests.swift */ = {isa = PBXFileReference; lastKnownFileType = sourcecode.swift; path = JapaneseAnalysisUITestsLaunchTests.swift; sourceTree = "<group>"; };
/* End PBXFileReference section */

/* Begin PBXFrameworksBuildPhase section */
		B71B12303024875000C93869 /* Frameworks */ = {
			isa = PBXFrameworksBuildPhase;
			buildActionMask = 2147483647;
			files = (
			);
			runOnlyForDeploymentPostprocessing = 0;
		};
		B71B12413024875400C93869 /* Frameworks */ = {
			isa = PBXFrameworksBuildPhase;
			buildActionMask = 2147483647;
			files = (
			);
			runOnlyForDeploymentPostprocessing = 0;
		};
		B71B124B3024875400C93869 /* Frameworks */ = {
			isa = PBXFrameworksBuildPhase;
			buildActionMask = 2147483647;
			files = (
			);
			runOnlyForDeploymentPostprocessing = 0;
		};
/* End PBXFrameworksBuildPhase section */

/* Begin PBXGroup section */
		B71B122A3024875000C93869 = {
			isa = PBXGroup;
			children = (
				B71B12353024875000C93869 /* JapaneseAnalysis */,
				B71B12473024875400C93869 /* JapaneseAnalysisTests */,
				B71B12513024875400C93869 /* JapaneseAnalysisUITests */,
				B71B12343024875000C93869 /* Products */,
			);
			sourceTree = "<group>";
		};
		B71B12343024875000C93869 /* Products */ = {
			isa = PBXGroup;
			children = (
				B71B12333024875000C93869 /* JapaneseAnalysis.app */,
				B71B12443024875400C93869 /* JapaneseAnalysisTests.xctest */,
				B71B124E3024875400C93869 /* JapaneseAnalysisUITests.xctest */,
			);
			name = Products;
			sourceTree = "<group>";
		};
		B71B12353024875000C93869 /* JapaneseAnalysis */ = {
			isa = PBXGroup;
			children = (
				B71B12363024875000C93869 /* JapaneseAnalysisApp.swift */,
				B71B12383024875000C93869 /* ContentView.swift */,
				B71B123A3024875300C93869 /* Assets.xcassets */,
				B71B123C3024875300C93869 /* JapaneseAnalysis.entitlements */,
				B71B123D3024875300C93869 /* Preview Content */,
			);
			path = JapaneseAnalysis;
			sourceTree = "<group>";
		};
		B71B123D3024875300C93869 /* Preview Content */ = {
			isa = PBXGroup;
			children = (
				B71B123E3024875300C93869 /* Preview Assets.xcassets */,
			);
			path = "Preview Content";
			sourceTree = "<group>";
		};
		B71B12473024875400C93869 /* JapaneseAnalysisTests */ = {
			isa = PBXGroup;
			children = (
				B71B12483024875400C93869 /* JapaneseAnalysisTests.swift */,
			);
			path = JapaneseAnalysisTests;
			sourceTree = "<group>";
		};
		B71B12513024875400C93869 /* JapaneseAnalysisUITests */ = {
			isa = PBXGroup;
			children = (
				B71B12523024875400C93869 /* JapaneseAnalysisUITests.swift */,
				B71B12543024875400C93869 /* JapaneseAnalysisUITestsLaunchTests.swift */,
			);
			path = JapaneseAnalysisUITests;
			sourceTree = "<group>";
		};
/* End PBXGroup section */

/* Begin PBXNativeTarget section */
		B71B12323024875000C93869 /* JapaneseAnalysis */ = {
			isa = PBXNativeTarget;
			buildConfigurationList = B71B12583024875400C93869 /* Build configuration list for PBXNativeTarget "JapaneseAnalysis" */;
			buildPhases = (
				B71B122F3024875000C93869 /* Sources */,
				B71B12303024875000C93869 /* Frameworks */,
				B71B12313024875000C93869 /* Resources */,
			);
			buildRules = (
			);
			dependencies = (
			);
			name = JapaneseAnalysis;
			productName = JapaneseAnalysis;
			productReference = B71B12333024875000C93869 /* JapaneseAnalysis.app */;
			productType = "com.apple.product-type.application";
		};
		B71B12433024875400C93869 /* JapaneseAnalysisTests */ = {
			isa = PBXNativeTarget;
			buildConfigurationList = B71B125B3024875400C93869 /* Build configuration list for PBXNativeTarget "JapaneseAnalysisTests" */;
			buildPhases = (
				B71B12403024875400C93869 /* Sources */,
				B71B12413024875400C93869 /* Frameworks */,
				B71B12423024875400C93869 /* Resources */,
			);
			buildRules = (
			);
			dependencies = (
				B71B12463024875400C93869 /* PBXTargetDependency */,
			);
			name = JapaneseAnalysisTests;
			productName = JapaneseAnalysisTests;
			productReference = B71B12443024875400C93869 /* JapaneseAnalysisTests.xctest */;
			productType = "com.apple.product-type.bundle.unit-test";
		};
		B71B124D3024875400C93869 /* JapaneseAnalysisUITests */ = {
			isa = PBXNativeTarget;
			buildConfigurationList = B71B125E3024875400C93869 /* Build configuration list for PBXNativeTarget "JapaneseAnalysisUITests" */;
			buildPhases = (
				B71B124A3024875400C93869 /* Sources */,
				B71B124B3024875400C93869 /* Frameworks */,
				B71B124C3024875400C93869 /* Resources */,
			);
			buildRules = (
			);
			dependencies = (
				B71B12503024875400C93869 /* PBXTargetDependency */,
			);
			name = JapaneseAnalysisUITests;
			productName = JapaneseAnalysisUITests;
			productReference = B71B124E3024875400C93869 /* JapaneseAnalysisUITests.xctest */;
			productType = "com.apple.product-type.bundle.ui-testing";
		};
/* End PBXNativeTarget section */

/* Begin PBXProject section */
		B71B122B3024875000C93869 /* Project object */ = {
			isa = PBXProject;
			attributes = {
				BuildIndependentTargetsInParallel = 1;
				LastSwiftUpdateCheck = 1520;
				LastUpgradeCheck = 1520;
				TargetAttributes = {
					B71B12323024875000C93869 = {
						CreatedOnToolsVersion = 15.2;
					};
					B71B12433024875400C93869 = {
						CreatedOnToolsVersion = 15.2;
						TestTargetID = B71B12323024875000C93869;
					};
					B71B124D3024875400C93869 = {
						CreatedOnToolsVersion = 15.2;
						TestTargetID = B71B12323024875000C93869;
					};
				};
			};
			buildConfigurationList = B71B122E3024875000C93869 /* Build configuration list for PBXProject "JapaneseAnalysis" */;
			compatibilityVersion = "Xcode 14.0";
			developmentRegion = en;
			hasScannedForEncodings = 0;
			knownRegions = (
				en,
				Base,
			);
			mainGroup = B71B122A3024875000C93869;
			productRefGroup = B71B12343024875000C93869 /* Products */;
			projectDirPath = "";
			projectRoot = "";
			targets = (
				B71B12323024875000C93869 /* JapaneseAnalysis */,
				B71B12433024875400C93869 /* JapaneseAnalysisTests */,
				B71B124D3024875400C93869 /* JapaneseAnalysisUITests */,
			);
		};
/* End PBXProject section */

/* Begin PBXResourcesBuildPhase section */
		B71B12313024875000C93869 /* Resources */ = {
			isa = PBXResourcesBuildPhase;
			buildActionMask = 2147483647;
			files = (
				B71B123F3024875300C93869 /* Preview Assets.xcassets in Resources */,
				B71B123B3024875300C93869 /* Assets.xcassets in Resources */,
			);
			runOnlyForDeploymentPostprocessing = 0;
		};
		B71B12423024875400C93869 /* Resources */ = {
			isa = PBXResourcesBuildPhase;
			buildActionMask = 2147483647;
			files = (
			);
			runOnlyForDeploymentPostprocessing = 0;
		};
		B71B124C3024875400C93869 /* Resources */ = {
			isa = PBXResourcesBuildPhase;
			buildActionMask = 2147483647;
			files = (
			);
			runOnlyForDeploymentPostprocessing = 0;
		};
/* End PBXResourcesBuildPhase section */

/* Begin PBXSourcesBuildPhase section */
		B71B122F3024875000C93869 /* Sources */ = {
			isa = PBXSourcesBuildPhase;
			buildActionMask = 2147483647;
			files = (
				B71B12393024875000C93869 /* ContentView.swift in Sources */,
				B71B12373024875000C93869 /* JapaneseAnalysisApp.swift in Sources */,
			);
			runOnlyForDeploymentPostprocessing = 0;
		};
		B71B12403024875400C93869 /* Sources */ = {
			isa = PBXSourcesBuildPhase;
			buildActionMask = 2147483647;
			files = (
				B71B12493024875400C93869 /* JapaneseAnalysisTests.swift in Sources */,
			);
			runOnlyForDeploymentPostprocessing = 0;
		};
		B71B124A3024875400C93869 /* Sources */ = {
			isa = PBXSourcesBuildPhase;
			buildActionMask = 2147483647;
			files = (
				B71B12533024875400C93869 /* JapaneseAnalysisUITests.swift in Sources */,
				B71B12553024875400C93869 /* JapaneseAnalysisUITestsLaunchTests.swift in Sources */,
			);
			runOnlyForDeploymentPostprocessing = 0;
		};
/* End PBXSourcesBuildPhase section */

/* Begin PBXTargetDependency section */
		B71B12463024875400C93869 /* PBXTargetDependency */ = {
			isa = PBXTargetDependency;
			target = B71B12323024875000C93869 /* JapaneseAnalysis */;
			targetProxy = B71B12453024875400C93869 /* PBXContainerItemProxy */;
		};
		B71B12503024875400C93869 /* PBXTargetDependency */ = {
			isa = PBXTargetDependency;
			target = B71B12323024875000C93869 /* JapaneseAnalysis */;
			targetProxy = B71B124F3024875400C93869 /* PBXContainerItemProxy */;
		};
/* End PBXTargetDependency section */

/* Begin XCBuildConfiguration section */
		B71B12563024875400C93869 /* Debug */ = {
			isa = XCBuildConfiguration;
			buildSettings = {
				ALWAYS_SEARCH_USER_PATHS = NO;
				ASSETCATALOG_COMPILER_GENERATE_SWIFT_ASSET_SYMBOL_EXTENSIONS = YES;
				CLANG_ANALYZER_NONNULL = YES;
				CLANG_ANALYZER_NUMBER_OBJECT_CONVERSION = YES_AGGRESSIVE;
				CLANG_CXX_LANGUAGE_STANDARD = "gnu++20";
				CLANG_ENABLE_MODULES = YES;
				CLANG_ENABLE_OBJC_ARC = YES;
				CLANG_ENABLE_OBJC_WEAK = YES;
				CLANG_WARN_BLOCK_CAPTURE_AUTORELEASING = YES;
				CLANG_WARN_BOOL_CONVERSION = YES;
				CLANG_WARN_COMMA = YES;
				CLANG_WARN_CONSTANT_CONVERSION = YES;
				CLANG_WARN_DEPRECATED_OBJC_IMPLEMENTATIONS = YES;
				CLANG_WARN_DIRECT_OBJC_ISA_USAGE = YES_ERROR;
				CLANG_WARN_DOCUMENTATION_COMMENTS = YES;
				CLANG_WARN_EMPTY_BODY = YES;
				CLANG_WARN_ENUM_CONVERSION = YES;
				CLANG_WARN_INFINITE_RECURSION = YES;
				CLANG_WARN_INT_CONVERSION = YES;
				CLANG_WARN_NON_LITERAL_NULL_CONVERSION = YES;
				CLANG_WARN_OBJC_IMPLICIT_RETAIN_SELF = YES;
				CLANG_WARN_OBJC_LITERAL_CONVERSION = YES;
				CLANG_WARN_OBJC_ROOT_CLASS = YES_ERROR;
				CLANG_WARN_QUOTED_INCLUDE_IN_FRAMEWORK_HEADER = YES;
				CLANG_WARN_RANGE_LOOP_ANALYSIS = YES;
				CLANG_WARN_STRICT_PROTOTYPES = YES;
				CLANG_WARN_SUSPICIOUS_MOVE = YES;
				CLANG_WARN_UNGUARDED_AVAILABILITY = YES_AGGRESSIVE;
				CLANG_WARN_UNREACHABLE_CODE = YES;
				CLANG_WARN__DUPLICATE_METHOD_MATCH = YES;
				COPY_PHASE_STRIP = NO;
				DEBUG_INFORMATION_FORMAT = dwarf;
				ENABLE_STRICT_OBJC_MSGSEND = YES;
				ENABLE_TESTABILITY = YES;
				ENABLE_USER_SCRIPT_SANDBOXING = YES;
				GCC_C_LANGUAGE_STANDARD = gnu17;
				GCC_DYNAMIC_NO_PIC = NO;
				GCC_NO_COMMON_BLOCKS = YES;
				GCC_OPTIMIZATION_LEVEL = 0;
				GCC_PREPROCESSOR_DEFINITIONS = (
					"DEBUG=1",
					"$(inherited)",
				);
				GCC_WARN_64_TO_32_BIT_CONVERSION = YES;
				GCC_WARN_ABOUT_RETURN_TYPE = YES_ERROR;
				GCC_WARN_UNDECLARED_SELECTOR = YES;
				GCC_WARN_UNINITIALIZED_AUTOS = YES_AGGRESSIVE;
				GCC_WARN_UNUSED_FUNCTION = YES;
				GCC_WARN_UNUSED_VARIABLE = YES;
				LOCALIZATION_PREFERS_STRING_CATALOGS = YES;
				MTL_ENABLE_DEBUG_INFO = INCLUDE_SOURCE;
				MTL_FAST_MATH = YES;
				ONLY_ACTIVE_ARCH = YES;
				SWIFT_ACTIVE_COMPILATION_CONDITIONS = "DEBUG $(inherited)";
				SWIFT_OPTIMIZATION_LEVEL = "-Onone";
			};
			name = Debug;
		};
		B71B12573024875400C93869 /* Release */ = {
			isa = XCBuildConfiguration;
			buildSettings = {
				ALWAYS_SEARCH_USER_PATHS = NO;
				ASSETCATALOG_COMPILER_GENERATE_SWIFT_ASSET_SYMBOL_EXTENSIONS = YES;
				CLANG_ANALYZER_NONNULL = YES;
				CLANG_ANALYZER_NUMBER_OBJECT_CONVERSION = YES_AGGRESSIVE;
				CLANG_CXX_LANGUAGE_STANDARD = "gnu++20";
				CLANG_ENABLE_MODULES = YES;
				CLANG_ENABLE_OBJC_ARC = YES;
				CLANG_ENABLE_OBJC_WEAK = YES;
				CLANG_WARN_BLOCK_CAPTURE_AUTORELEASING = YES;
				CLANG_WARN_BOOL_CONVERSION = YES;
				CLANG_WARN_COMMA = YES;
				CLANG_WARN_CONSTANT_CONVERSION = YES;
				CLANG_WARN_DEPRECATED_OBJC_IMPLEMENTATIONS = YES;
				CLANG_WARN_DIRECT_OBJC_ISA_USAGE = YES_ERROR;
				CLANG_WARN_DOCUMENTATION_COMMENTS = YES;
				CLANG_WARN_EMPTY_BODY = YES;
				CLANG_WARN_ENUM_CONVERSION = YES;
				CLANG_WARN_INFINITE_RECURSION = YES;
				CLANG_WARN_INT_CONVERSION = YES;
				CLANG_WARN_NON_LITERAL_NULL_CONVERSION = YES;
				CLANG_WARN_OBJC_IMPLICIT_RETAIN_SELF = YES;
				CLANG_WARN_OBJC_LITERAL_CONVERSION = YES;
				CLANG_WARN_OBJC_ROOT_CLASS = YES_ERROR;
				CLANG_WARN_QUOTED_INCLUDE_IN_FRAMEWORK_HEADER = YES;
				CLANG_WARN_RANGE_LOOP_ANALYSIS = YES;
				CLANG_WARN_STRICT_PROTOTYPES = YES;
				CLANG_WARN_SUSPICIOUS_MOVE = YES;
				CLANG_WARN_UNGUARDED_AVAILABILITY = YES_AGGRESSIVE;
				CLANG_WARN_UNREACHABLE_CODE = YES;
				CLANG_WARN__DUPLICATE_METHOD_MATCH = YES;
				COPY_PHASE_STRIP = NO;
				DEBUG_INFORMATION_FORMAT = "dwarf-with-dsym";
				ENABLE_NS_ASSERTIONS = NO;
				ENABLE_STRICT_OBJC_MSGSEND = YES;
				ENABLE_USER_SCRIPT_SANDBOXING = YES;
				GCC_C_LANGUAGE_STANDARD = gnu17;
				GCC_NO_COMMON_BLOCKS = YES;
				GCC_WARN_64_TO_32_BIT_CONVERSION = YES;
				GCC_WARN_ABOUT_RETURN_TYPE = YES_ERROR;
				GCC_WARN_UNDECLARED_SELECTOR = YES;
				GCC_WARN_UNINITIALIZED_AUTOS = YES_AGGRESSIVE;
				GCC_WARN_UNUSED_FUNCTION = YES;
				GCC_WARN_UNUSED_VARIABLE = YES;
				LOCALIZATION_PREFERS_STRING_CATALOGS = YES;
				MTL_ENABLE_DEBUG_INFO = NO;
				MTL_FAST_MATH = YES;
				SWIFT_COMPILATION_MODE = wholemodule;
			};
			name = Release;
		};
		B71B12593024875400C93869 /* Debug */ = {
			isa = XCBuildConfiguration;
			buildSettings = {
				ASSETCATALOG_COMPILER_APPICON_NAME = AppIcon;
				ASSETCATALOG_COMPILER_GLOBAL_ACCENT_COLOR_NAME = AccentColor;
				CODE_SIGN_ENTITLEMENTS = JapaneseAnalysis/JapaneseAnalysis.entitlements;
				CODE_SIGN_STYLE = Automatic;
				CURRENT_PROJECT_VERSION = 1;
				DEVELOPMENT_ASSET_PATHS = "\"JapaneseAnalysis/Preview Content\"";
				ENABLE_PREVIEWS = YES;
				GENERATE_INFOPLIST_FILE = YES;
				"INFOPLIST_KEY_UIApplicationSceneManifest_Generation[sdk=iphoneos*]" = YES;
				"INFOPLIST_KEY_UIApplicationSceneManifest_Generation[sdk=iphonesimulator*]" = YES;
				"INFOPLIST_KEY_UIApplicationSupportsIndirectInputEvents[sdk=iphoneos*]" = YES;
				"INFOPLIST_KEY_UIApplicationSupportsIndirectInputEvents[sdk=iphonesimulator*]" = YES;
				"INFOPLIST_KEY_UILaunchScreen_Generation[sdk=iphoneos*]" = YES;
				"INFOPLIST_KEY_UILaunchScreen_Generation[sdk=iphonesimulator*]" = YES;
				"INFOPLIST_KEY_UIStatusBarStyle[sdk=iphoneos*]" = UIStatusBarStyleDefault;
				"INFOPLIST_KEY_UIStatusBarStyle[sdk=iphonesimulator*]" = UIStatusBarStyleDefault;
				INFOPLIST_KEY_UISupportedInterfaceOrientations_iPad = "UIInterfaceOrientationPortrait UIInterfaceOrientationPortraitUpsideDown UIInterfaceOrientationLandscapeLeft UIInterfaceOrientationLandscapeRight";
				INFOPLIST_KEY_UISupportedInterfaceOrientations_iPhone = "UIInterfaceOrientationPortrait UIInterfaceOrientationLandscapeLeft UIInterfaceOrientationLandscapeRight";
				IPHONEOS_DEPLOYMENT_TARGET = 17.2;
				LD_RUNPATH_SEARCH_PATHS = "@executable_path/Frameworks";
				"LD_RUNPATH_SEARCH_PATHS[sdk=macosx*]" = "@executable_path/../Frameworks";
				MACOSX_DEPLOYMENT_TARGET = 13.7;
				MARKETING_VERSION = 1.0;
				PRODUCT_BUNDLE_IDENTIFIER = com.tenn.JapaneseAnalysis;
				PRODUCT_NAME = "$(TARGET_NAME)";
				SDKROOT = auto;
				SUPPORTED_PLATFORMS = "iphoneos iphonesimulator macosx";
				SWIFT_EMIT_LOC_STRINGS = YES;
				SWIFT_VERSION = 5.0;
				TARGETED_DEVICE_FAMILY = "1,2";
			};
			name = Debug;
		};
		B71B125A3024875400C93869 /* Release */ = {
			isa = XCBuildConfiguration;
			buildSettings = {
				ASSETCATALOG_COMPILER_APPICON_NAME = AppIcon;
				ASSETCATALOG_COMPILER_GLOBAL_ACCENT_COLOR_NAME = AccentColor;
				CODE_SIGN_ENTITLEMENTS = JapaneseAnalysis/JapaneseAnalysis.entitlements;
				CODE_SIGN_STYLE = Automatic;
				CURRENT_PROJECT_VERSION = 1;
				DEVELOPMENT_ASSET_PATHS = "\"JapaneseAnalysis/Preview Content\"";
				ENABLE_PREVIEWS = YES;
				GENERATE_INFOPLIST_FILE = YES;
				"INFOPLIST_KEY_UIApplicationSceneManifest_Generation[sdk=iphoneos*]" = YES;
				"INFOPLIST_KEY_UIApplicationSceneManifest_Generation[sdk=iphonesimulator*]" = YES;
				"INFOPLIST_KEY_UIApplicationSupportsIndirectInputEvents[sdk=iphoneos*]" = YES;
				"INFOPLIST_KEY_UIApplicationSupportsIndirectInputEvents[sdk=iphonesimulator*]" = YES;
				"INFOPLIST_KEY_UILaunchScreen_Generation[sdk=iphoneos*]" = YES;
				"INFOPLIST_KEY_UILaunchScreen_Generation[sdk=iphonesimulator*]" = YES;
				"INFOPLIST_KEY_UIStatusBarStyle[sdk=iphoneos*]" = UIStatusBarStyleDefault;
				"INFOPLIST_KEY_UIStatusBarStyle[sdk=iphonesimulator*]" = UIStatusBarStyleDefault;
				INFOPLIST_KEY_UISupportedInterfaceOrientations_iPad = "UIInterfaceOrientationPortrait UIInterfaceOrientationPortraitUpsideDown UIInterfaceOrientationLandscapeLeft UIInterfaceOrientationLandscapeRight";
				INFOPLIST_KEY_UISupportedInterfaceOrientations_iPhone = "UIInterfaceOrientationPortrait UIInterfaceOrientationLandscapeLeft UIInterfaceOrientationLandscapeRight";
				IPHONEOS_DEPLOYMENT_TARGET = 17.2;
				LD_RUNPATH_SEARCH_PATHS = "@executable_path/Frameworks";
				"LD_RUNPATH_SEARCH_PATHS[sdk=macosx*]" = "@executable_path/../Frameworks";
				MACOSX_DEPLOYMENT_TARGET = 13.7;
				MARKETING_VERSION = 1.0;
				PRODUCT_BUNDLE_IDENTIFIER = com.tenn.JapaneseAnalysis;
				PRODUCT_NAME = "$(TARGET_NAME)";
				SDKROOT = auto;
				SUPPORTED_PLATFORMS = "iphoneos iphonesimulator macosx";
				SWIFT_EMIT_LOC_STRINGS = YES;
				SWIFT_VERSION = 5.0;
				TARGETED_DEVICE_FAMILY = "1,2";
			};
			name = Release;
		};
		B71B125C3024875400C93869 /* Debug */ = {
			isa = XCBuildConfiguration;
			buildSettings = {
				ALWAYS_EMBED_SWIFT_STANDARD_LIBRARIES = YES;
				BUNDLE_LOADER = "$(TEST_HOST)";
				CODE_SIGN_STYLE = Automatic;
				CURRENT_PROJECT_VERSION = 1;
				GENERATE_INFOPLIST_FILE = YES;
				IPHONEOS_DEPLOYMENT_TARGET = 17.2;
				MACOSX_DEPLOYMENT_TARGET = 13.7;
				MARKETING_VERSION = 1.0;
				PRODUCT_BUNDLE_IDENTIFIER = com.tenn.JapaneseAnalysisTests;
				PRODUCT_NAME = "$(TARGET_NAME)";
				SDKROOT = auto;
				SUPPORTED_PLATFORMS = "iphoneos iphonesimulator macosx";
				SWIFT_EMIT_LOC_STRINGS = NO;
				SWIFT_VERSION = 5.0;
				TARGETED_DEVICE_FAMILY = "1,2";
				TEST_HOST = "$(BUILT_PRODUCTS_DIR)/JapaneseAnalysis.app/$(BUNDLE_EXECUTABLE_FOLDER_PATH)/JapaneseAnalysis";
			};
			name = Debug;
		};
		B71B125D3024875400C93869 /* Release */ = {
			isa = XCBuildConfiguration;
			buildSettings = {
				ALWAYS_EMBED_SWIFT_STANDARD_LIBRARIES = YES;
				BUNDLE_LOADER = "$(TEST_HOST)";
				CODE_SIGN_STYLE = Automatic;
				CURRENT_PROJECT_VERSION = 1;
				GENERATE_INFOPLIST_FILE = YES;
				IPHONEOS_DEPLOYMENT_TARGET = 17.2;
				MACOSX_DEPLOYMENT_TARGET = 13.7;
				MARKETING_VERSION = 1.0;
				PRODUCT_BUNDLE_IDENTIFIER = com.tenn.JapaneseAnalysisTests;
				PRODUCT_NAME = "$(TARGET_NAME)";
				SDKROOT = auto;
				SUPPORTED_PLATFORMS = "iphoneos iphonesimulator macosx";
				SWIFT_EMIT_LOC_STRINGS = NO;
				SWIFT_VERSION = 5.0;
				TARGETED_DEVICE_FAMILY = "1,2";
				TEST_HOST = "$(BUILT_PRODUCTS_DIR)/JapaneseAnalysis.app/$(BUNDLE_EXECUTABLE_FOLDER_PATH)/JapaneseAnalysis";
			};
			name = Release;
		};
		B71B125F3024875400C93869 /* Debug */ = {
			isa = XCBuildConfiguration;
			buildSettings = {
				ALWAYS_EMBED_SWIFT_STANDARD_LIBRARIES = YES;
				CODE_SIGN_STYLE = Automatic;
				CURRENT_PROJECT_VERSION = 1;
				GENERATE_INFOPLIST_FILE = YES;
				IPHONEOS_DEPLOYMENT_TARGET = 17.2;
				MACOSX_DEPLOYMENT_TARGET = 13.7;
				MARKETING_VERSION = 1.0;
				PRODUCT_BUNDLE_IDENTIFIER = com.tenn.JapaneseAnalysisUITests;
				PRODUCT_NAME = "$(TARGET_NAME)";
				SDKROOT = auto;
				SUPPORTED_PLATFORMS = "iphoneos iphonesimulator macosx";
				SWIFT_EMIT_LOC_STRINGS = NO;
				SWIFT_VERSION = 5.0;
				TARGETED_DEVICE_FAMILY = "1,2";
				TEST_TARGET_NAME = JapaneseAnalysis;
			};
			name = Debug;
		};
		B71B12603024875400C93869 /* Release */ = {
			isa = XCBuildConfiguration;
			buildSettings = {
				ALWAYS_EMBED_SWIFT_STANDARD_LIBRARIES = YES;
				CODE_SIGN_STYLE = Automatic;
				CURRENT_PROJECT_VERSION = 1;
				GENERATE_INFOPLIST_FILE = YES;
				IPHONEOS_DEPLOYMENT_TARGET = 17.2;
				MACOSX_DEPLOYMENT_TARGET = 13.7;
				MARKETING_VERSION = 1.0;
				PRODUCT_BUNDLE_IDENTIFIER = com.tenn.JapaneseAnalysisUITests;
				PRODUCT_NAME = "$(TARGET_NAME)";
				SDKROOT = auto;
				SUPPORTED_PLATFORMS = "iphoneos iphonesimulator macosx";
				SWIFT_EMIT_LOC_STRINGS = NO;
				SWIFT_VERSION = 5.0;
				TARGETED_DEVICE_FAMILY = "1,2";
				TEST_TARGET_NAME = JapaneseAnalysis;
			};
			name = Release;
		};
/* End XCBuildConfiguration section */

/* Begin XCConfigurationList section */
		B71B122E3024875000C93869 /* Build configuration list for PBXProject "JapaneseAnalysis" */ = {
			isa = XCConfigurationList;
			buildConfigurations = (
				B71B12563024875400C93869 /* Debug */,
				B71B12573024875400C93869 /* Release */,
			);
			defaultConfigurationIsVisible = 0;
			defaultConfigurationName = Release;
		};
		B71B12583024875400C93869 /* Build configuration list for PBXNativeTarget "JapaneseAnalysis" */ = {
			isa = XCConfigurationList;
			buildConfigurations = (
				B71B12593024875400C93869 /* Debug */,
				B71B125A3024875400C93869 /* Release */,
			);
			defaultConfigurationIsVisible = 0;
			defaultConfigurationName = Release;
		};
		B71B125B3024875400C93869 /* Build configuration list for PBXNativeTarget "JapaneseAnalysisTests" */ = {
			isa = XCConfigurationList;
			buildConfigurations = (
				B71B125C3024875400C93869 /* Debug */,
				B71B125D3024875400C93869 /* Release */,
			);
			defaultConfigurationIsVisible = 0;
			defaultConfigurationName = Release;
		};
		B71B125E3024875400C93869 /* Build configuration list for PBXNativeTarget "JapaneseAnalysisUITests" */ = {
			isa = XCConfigurationList;
			buildConfigurations = (
				B71B125F3024875400C93869 /* Debug */,
				B71B12603024875400C93869 /* Release */,
			);
			defaultConfigurationIsVisible = 0;
			defaultConfigurationName = Release;
		};
/* End XCConfigurationList section */
	};
	rootObject = B71B122B3024875000C93869 /* Project object */;
}
